
Microsoft Visual Studio Solution File, Format Version 12.00
# Visual Studio Version 17
VisualStudioVersion = 17.6.33723.286
MinimumVisualStudioVersion = 10.0.40219.1
Project("{9A19103F-16F7-4668-BE54-9A1E7A4F7556}") = "shoppingWebApi", "shoppingWebApi.csproj", "{1A6B6460-8052-4A97-8115-8114E34558C4}"
EndProject
Global
	GlobalSection(SolutionConfigurationPlatforms) = preSolution
		Debug|Any CPU = Debug|Any CPU
		Release|Any CPU = Release|Any CPU
	EndGlobalSection
	GlobalSection(ProjectConfigurationPlatforms) = postSolution
		{1A6B6460-8052-4A97-8115-8114E34558C4}.Debug|Any CPU.ActiveCfg = Debug|Any CPU
		{1A6B6460-8052-4A97-8115-8114E34558C4}.Debug|Any CPU.Build.0 = Debug|Any CPU
		{1A6B6460-8052-4A97-8115-8114E34558C4}.Release|Any CPU.ActiveCfg = Release|Any CPU
		{1A6B6460-8052-4A97-8115-8114E34558C4}.Release|Any CPU.Build.0 = Release|Any CPU
	EndGlobalSection
	GlobalSection(SolutionProperties) = preSolution
		HideSolutionNode = FALSE
	EndGlobalSection
	GlobalSection(ExtensibilityGlobals) = postSolution
		SolutionGuid = {9D7FC0DD-8A28-4000-8B33-32EA113F8D3F}
	EndGlobalSection
EndGlobal
